{
  "version": 4,
  "terraform_version": "1.3.9",
  "serial": 8,
  "lineage": "02ccf849-9fd9-b67f-d6d6-9306622f5321",
  "outputs": {
    "kubernetes_cluster_host": {
      "value": "34.170.37.231",
      "type": "string"
    },
    "kubernetes_cluster_name": {
      "value": "maratona-fullcycle-388513-gke",
      "type": "string"
    },
    "project_id": {
      "value": "maratona-fullcycle-388513",
      "type": "string"
    },
    "region": {
      "value": "us-central1",
      "type": "string"
    }
  },
  "resources": [
    {
      "mode": "managed",
      "type": "google_compute_network",
      "name": "vpc",
      "provider": "provider[\"registry.terraform.io/hashicorp/google\"]",
      "instances": [
        {
          "schema_version": 0,
          "attributes": {
            "auto_create_subnetworks": false,
            "delete_default_routes_on_create": false,
            "description": "",
            "enable_ula_internal_ipv6": false,
            "gateway_ipv4": "",
            "id": "projects/maratona-fullcycle-388513/global/networks/maratona-fullcycle-388513-vpc",
            "internal_ipv6_range": "",
            "mtu": 0,
            "name": "maratona-fullcycle-388513-vpc",
            "project": "maratona-fullcycle-388513",
            "routing_mode": "REGIONAL",
            "self_link": "https://www.googleapis.com/compute/v1/projects/maratona-fullcycle-388513/global/networks/maratona-fullcycle-388513-vpc",
            "timeouts": null
          },
          "sensitive_attributes": [],
          "private": "eyJlMmJmYjczMC1lY2FhLTExZTYtOGY4OC0zNDM2M2JjN2M0YzAiOnsiY3JlYXRlIjoxMjAwMDAwMDAwMDAwLCJkZWxldGUiOjEyMDAwMDAwMDAwMDAsInVwZGF0ZSI6MTIwMDAwMDAwMDAwMH19"
        }
      ]
    },
    {
      "mode": "managed",
      "type": "google_compute_subnetwork",
      "name": "subnet",
      "provider": "provider[\"registry.terraform.io/hashicorp/google\"]",
      "instances": [
        {
          "schema_version": 0,
          "attributes": {
            "creation_timestamp": "2023-06-01T06:55:59.497-07:00",
            "description": "",
            "external_ipv6_prefix": "",
            "fingerprint": null,
            "gateway_address": "10.10.0.1",
            "id": "projects/maratona-fullcycle-388513/regions/us-central1/subnetworks/maratona-fullcycle-388513-subnet",
            "ip_cidr_range": "10.10.0.0/24",
            "ipv6_access_type": "",
            "ipv6_cidr_range": "",
            "log_config": [],
            "name": "maratona-fullcycle-388513-subnet",
            "network": "https://www.googleapis.com/compute/v1/projects/maratona-fullcycle-388513/global/networks/maratona-fullcycle-388513-vpc",
            "private_ip_google_access": false,
            "private_ipv6_google_access": "DISABLE_GOOGLE_ACCESS",
            "project": "maratona-fullcycle-388513",
            "purpose": "PRIVATE",
            "region": "us-central1",
            "role": "",
            "secondary_ip_range": [],
            "self_link": "https://www.googleapis.com/compute/v1/projects/maratona-fullcycle-388513/regions/us-central1/subnetworks/maratona-fullcycle-388513-subnet",
            "stack_type": "IPV4_ONLY",
            "timeouts": null
          },
          "sensitive_attributes": [],
          "private": "eyJlMmJmYjczMC1lY2FhLTExZTYtOGY4OC0zNDM2M2JjN2M0YzAiOnsiY3JlYXRlIjoxMjAwMDAwMDAwMDAwLCJkZWxldGUiOjEyMDAwMDAwMDAwMDAsInVwZGF0ZSI6MTIwMDAwMDAwMDAwMH19",
          "dependencies": [
            "google_compute_network.vpc"
          ]
        }
      ]
    },
    {
      "mode": "managed",
      "type": "google_container_cluster",
      "name": "primary",
      "provider": "provider[\"registry.terraform.io/hashicorp/google\"]",
      "instances": [
        {
          "schema_version": 1,
          "attributes": {
            "addons_config": [
              {
                "cloudrun_config": [],
                "gcp_filestore_csi_driver_config": [],
                "horizontal_pod_autoscaling": [],
                "http_load_balancing": [],
                "network_policy_config": [
                  {
                    "disabled": true
                  }
                ]
              }
            ],
            "authenticator_groups_config": [],
            "cluster_autoscaling": [
              {
                "auto_provisioning_defaults": [],
                "enabled": false,
                "resource_limits": []
              }
            ],
            "cluster_ipv4_cidr": "10.4.0.0/14",
            "confidential_nodes": [],
            "database_encryption": [
              {
                "key_name": "",
                "state": "DECRYPTED"
              }
            ],
            "datapath_provider": "",
            "default_max_pods_per_node": null,
            "default_snat_status": [
              {
                "disabled": false
              }
            ],
            "description": "",
            "dns_config": [],
            "enable_autopilot": false,
            "enable_binary_authorization": false,
            "enable_intranode_visibility": false,
            "enable_kubernetes_alpha": false,
            "enable_legacy_abac": false,
            "enable_shielded_nodes": true,
            "enable_tpu": false,
            "endpoint": "34.170.37.231",
            "id": "projects/maratona-fullcycle-388513/locations/us-central1/clusters/maratona-fullcycle-388513-gke",
            "initial_node_count": 1,
            "ip_allocation_policy": [],
            "label_fingerprint": "a9dc16a7",
            "location": "us-central1",
            "logging_config": [
              {
                "enable_components": [
                  "SYSTEM_COMPONENTS",
                  "WORKLOADS"
                ]
              }
            ],
            "logging_service": "logging.googleapis.com/kubernetes",
            "maintenance_policy": [],
            "master_auth": [
              {
                "client_certificate": "",
                "client_certificate_config": [
                  {
                    "issue_client_certificate": false
                  }
                ],
                "client_key": "",
                "cluster_ca_certificate": "LS0tLS1CRUdJTiBDRVJUSUZJQ0FURS0tLS0tCk1JSUVMRENDQXBTZ0F3SUJBZ0lRWG9jM1lxVlZRM3Z2YjVMSUgySzBYVEFOQmdrcWhraUc5dzBCQVFzRkFEQXYKTVMwd0t3WURWUVFERXlSbVpXWXpaV1l5WXkwd1pHUmlMVFEwTVdVdFltVTVZeTB5TTJNelkySm1OVGRoWm1ZdwpJQmNOTWpNd05qQXhNVEkxTmpFMVdoZ1BNakExTXpBMU1qUXhNelUyTVRWYU1DOHhMVEFyQmdOVkJBTVRKR1psClpqTmxaakpqTFRCa1pHSXRORFF4WlMxaVpUbGpMVEl6WXpOalltWTFOMkZtWmpDQ0FhSXdEUVlKS29aSWh2Y04KQVFFQkJRQURnZ0dQQURDQ0FZb0NnZ0dCQUtrcWk5NmRkZ3N5Q0FmK0RTVGltdWxHTTJsR0hxdnhXUGREbDlDKwprd3B0RHN6dFB3cUJuQXhGOG9xVjFCNXc1V0hQOFJ3UzI5QnBUZXRzcFJIZldvZDUwelpLRjhKcnFKRTh6dlUxCmJ2QUxXbHRZbm1iMzRFWXhadFlOZkxzUk96a1F0TTdPaytMUlpYVmZVQ3BPaHVsSXdTUjdOYkMxb1pISmZaVVUKQjJRT3NKWDFSYWdldElGM3J0QTAwWStzS2x1SERkSmNqb2Nna3RPd2s1d0ZLSnQ4YnNSOGU1Yi8vSHFwaVhwawpXNEpac0NVZWwvUWVNQW9JR0E0MkJJc01kd2lTTzZ1ckJkSjByc2NKSmtJeFFhV3ptakkwbzNDL29HQUIvRDBTCkhCWVgvMlh2RjkwRE14WWFXTkZDais2VDUrbFc3OGhraTdJaS91MFpDUDdudEJqUmkzYlhxK1Rqd29SVXU0MncKVkl1L1J0Rm10UmFqOS9aVUpsbTE2a2xUaXdLOUdvcW5TVXIrY3RybGVhaGhBN0d2eVVsYnNNUzI3M2piVXZ5Qwptelh4NXdSVVRHWGQzZG10UWExLy80Q2VzbGNSOHRlMUNUZEY3ZGEweTlDbC9TTlUyV2kwR2hmVkdMakFRTWd6CmI2Y1JFVytGMVBFbSs0Z2t1ZHhLWXN2YkVRSURBUUFCbzBJd1FEQU9CZ05WSFE4QkFmOEVCQU1DQWdRd0R3WUQKVlIwVEFRSC9CQVV3QXdFQi96QWRCZ05WSFE0RUZnUVVUWHlOaDh2V3BuZFY4a1lEK0xpMHdYdlFwRXd3RFFZSgpLb1pJaHZjTkFRRUxCUUFEZ2dHQkFDdkpoQTVhcW1LUXE1eWJyVFphZkpyU1NqZ0d1VURnN0JxaVpTSGlLVm53CkxYMWg4UVVsMDF0S0dUSVdaNklvRERrR2FobGRsSERGSGplZ1lYcVBXVWVnZ2RCZVN0SFRyOW5uczJTUXI0UGoKYzFQNjVVRjFUNE5kVjgrc0xndlBjL09VbkZaN1BwaHF0c1lIZ29KRUtWcklsZEhqOVplRmtKSE9lOVFFUTNpMwpYS3NKaHd4TVFvTTgwY1R4SW5DOEw3SjFQNDhSWlMzd3lWS1ZKamxzdHRPdXdrVy9OT29vNVlLbTZxUTN2b1FjCjFjVzVPTTRNU205bTYreWtHRWgwemlLYXEvcHpRa250RElyUXpEdE1rRExqZUk5YzdyTEZST00xdGNjZC9wV2sKRnJXRjB3YVcwZnNwVFRQVFhPTUdYbWkvYU15YlVxbEk4VGZHOVJsVjFJczVYMkVsZ1ZWZHZXaWQxOVc3TFBmMQo1R2xRWUsxcGxJbjhwUU1CSUNYMXZrTjZDbWpTTFVHQm5TbFlnbEZzeWVTcHJzNmVaWVZpK2RrZjkwcWxzbHQvCnl4eGJiWGpPcHpQbTNYQTcrR0xoalRaYkFGR2lqS1hJdEYwSFptV2pxNkpSTjd5cnJBSzZvdHk2blVDalZBYzYKOWtvOUVGazhXdDBJNW9tQko5aWxPdz09Ci0tLS0tRU5EIENFUlRJRklDQVRFLS0tLS0K"
              }
            ],
            "master_authorized_networks_config": [],
            "master_version": "1.25.8-gke.500",
            "min_master_version": null,
            "monitoring_config": [
              {
                "enable_components": [
                  "SYSTEM_COMPONENTS"
                ]
              }
            ],
            "monitoring_service": "monitoring.googleapis.com/kubernetes",
            "name": "maratona-fullcycle-388513-gke",
            "network": "projects/maratona-fullcycle-388513/global/networks/maratona-fullcycle-388513-vpc",
            "network_policy": [
              {
                "enabled": false,
                "provider": "PROVIDER_UNSPECIFIED"
              }
            ],
            "networking_mode": "ROUTES",
            "node_config": [],
            "node_locations": [
              "us-central1-a",
              "us-central1-b",
              "us-central1-c"
            ],
            "node_pool": [],
            "node_version": "1.25.8-gke.500",
            "operation": null,
            "private_cluster_config": [
              {
                "enable_private_endpoint": false,
                "enable_private_nodes": false,
                "master_global_access_config": [
                  {
                    "enabled": false
                  }
                ],
                "master_ipv4_cidr_block": "",
                "peering_name": "",
                "private_endpoint": "10.10.0.2",
                "public_endpoint": "34.170.37.231"
              }
            ],
            "private_ipv6_google_access": "",
            "project": "maratona-fullcycle-388513",
            "release_channel": [
              {
                "channel": "REGULAR"
              }
            ],
            "remove_default_node_pool": true,
            "resource_labels": {},
            "resource_usage_export_config": [],
            "self_link": "https://container.googleapis.com/v1/projects/maratona-fullcycle-388513/locations/us-central1/clusters/maratona-fullcycle-388513-gke",
            "services_ipv4_cidr": "10.7.240.0/20",
            "subnetwork": "projects/maratona-fullcycle-388513/regions/us-central1/subnetworks/maratona-fullcycle-388513-subnet",
            "timeouts": null,
            "tpu_ipv4_cidr_block": "",
            "vertical_pod_autoscaling": [],
            "workload_identity_config": []
          },
          "sensitive_attributes": [],
          "private": "eyJlMmJmYjczMC1lY2FhLTExZTYtOGY4OC0zNDM2M2JjN2M0YzAiOnsiY3JlYXRlIjoyNDAwMDAwMDAwMDAwLCJkZWxldGUiOjI0MDAwMDAwMDAwMDAsInJlYWQiOjI0MDAwMDAwMDAwMDAsInVwZGF0ZSI6MzYwMDAwMDAwMDAwMH0sInNjaGVtYV92ZXJzaW9uIjoiMSJ9",
          "dependencies": [
            "google_compute_network.vpc",
            "google_compute_subnetwork.subnet"
          ]
        }
      ]
    },
    {
      "mode": "managed",
      "type": "google_container_node_pool",
      "name": "primary_nodes",
      "provider": "provider[\"registry.terraform.io/hashicorp/google\"]",
      "instances": [
        {
          "schema_version": 1,
          "attributes": {
            "autoscaling": [],
            "cluster": "maratona-fullcycle-388513-gke",
            "id": "projects/maratona-fullcycle-388513/locations/us-central1/clusters/maratona-fullcycle-388513-gke/nodePools/maratona-fullcycle-388513-gke",
            "initial_node_count": 1,
            "instance_group_urls": [
              "https://www.googleapis.com/compute/v1/projects/maratona-fullcycle-388513/zones/us-central1-b/instanceGroupManagers/gke-maratona-fullcyc-maratona-fullcyc-f8f90bff-grp",
              "https://www.googleapis.com/compute/v1/projects/maratona-fullcycle-388513/zones/us-central1-c/instanceGroupManagers/gke-maratona-fullcyc-maratona-fullcyc-4e1e8857-grp",
              "https://www.googleapis.com/compute/v1/projects/maratona-fullcycle-388513/zones/us-central1-a/instanceGroupManagers/gke-maratona-fullcyc-maratona-fullcyc-ed5d42eb-grp"
            ],
            "location": "us-central1",
            "managed_instance_group_urls": [
              "https://www.googleapis.com/compute/v1/projects/maratona-fullcycle-388513/zones/us-central1-b/instanceGroups/gke-maratona-fullcyc-maratona-fullcyc-f8f90bff-grp",
              "https://www.googleapis.com/compute/v1/projects/maratona-fullcycle-388513/zones/us-central1-c/instanceGroups/gke-maratona-fullcyc-maratona-fullcyc-4e1e8857-grp",
              "https://www.googleapis.com/compute/v1/projects/maratona-fullcycle-388513/zones/us-central1-a/instanceGroups/gke-maratona-fullcyc-maratona-fullcyc-ed5d42eb-grp"
            ],
            "management": [
              {
                "auto_repair": true,
                "auto_upgrade": true
              }
            ],
            "max_pods_per_node": null,
            "name": "maratona-fullcycle-388513-gke",
            "name_prefix": "",
            "node_config": [
              {
                "boot_disk_kms_key": "",
                "disk_size_gb": 100,
                "disk_type": "pd-balanced",
                "gcfs_config": [],
                "guest_accelerator": [],
                "gvnic": [],
                "image_type": "COS_CONTAINERD",
                "labels": {
                  "env": "maratona-fullcycle-388513"
                },
                "local_ssd_count": 0,
                "machine_type": "n1-standard-1",
                "metadata": {
                  "disable-legacy-endpoints": "true"
                },
                "min_cpu_platform": "",
                "node_group": "",
                "oauth_scopes": [
                  "https://www.googleapis.com/auth/logging.write",
                  "https://www.googleapis.com/auth/monitoring"
                ],
                "preemptible": false,
                "service_account": "default",
                "shielded_instance_config": [
                  {
                    "enable_integrity_monitoring": true,
                    "enable_secure_boot": false
                  }
                ],
                "spot": false,
                "tags": [
                  "gke-node",
                  "maratona-fullcycle-388513-gke"
                ],
                "taint": [],
                "workload_metadata_config": []
              }
            ],
            "node_count": 1,
            "node_locations": [
              "us-central1-a",
              "us-central1-b",
              "us-central1-c"
            ],
            "operation": null,
            "project": "maratona-fullcycle-388513",
            "timeouts": null,
            "upgrade_settings": [
              {
                "max_surge": 1,
                "max_unavailable": 0
              }
            ],
            "version": "1.25.8-gke.500"
          },
          "sensitive_attributes": [],
          "private": "eyJlMmJmYjczMC1lY2FhLTExZTYtOGY4OC0zNDM2M2JjN2M0YzAiOnsiY3JlYXRlIjoxODAwMDAwMDAwMDAwLCJkZWxldGUiOjE4MDAwMDAwMDAwMDAsInVwZGF0ZSI6MTgwMDAwMDAwMDAwMH0sInNjaGVtYV92ZXJzaW9uIjoiMSJ9",
          "dependencies": [
            "google_container_cluster.primary"
          ]
        }
      ]
    }
  ],
  "check_results": null
}
